// !$*UTF8*$!
{
	archiveVersion = 1;
	classes = {
	};
	objectVersion = 46;
	objects = {

/* Begin PBXBuildFile section */
		83E4DA381D5F40BE00E42295 /* CDH_MenuViewController.swift in Sources */ = {isa = PBXBuildFile; fileRef = 83E4DA371D5F40BE00E42295 /* CDH_MenuViewController.swift */; };
		83F2F48B1D5F391A007C0E6F /* AppDelegate.swift in Sources */ = {isa = PBXBuildFile; fileRef = 83F2F48A1D5F391A007C0E6F /* AppDelegate.swift */; };
		83F2F48D1D5F391A007C0E6F /* ViewController.swift in Sources */ = {isa = PBXBuildFile; fileRef = 83F2F48C1D5F391A007C0E6F /* ViewController.swift */; };
		83F2F4901D5F391A007C0E6F /* Main.storyboard in Resources */ = {isa = PBXBuildFile; fileRef = 83F2F48E1D5F391A007C0E6F /* Main.storyboard */; };
		83F2F4921D5F391A007C0E6F /* Assets.xcassets in Resources */ = {isa = PBXBuildFile; fileRef = 83F2F4911D5F391A007C0E6F /* Assets.xcassets */; };
		83F2F4951D5F391A007C0E6F /* LaunchScreen.storyboard in Resources */ = {isa = PBXBuildFile; fileRef = 83F2F4931D5F391A007C0E6F /* LaunchScreen.storyboard */; };
/* End PBXBuildFile section */

/* Begin PBXFileReference section */
		83E4DA371D5F40BE00E42295 /* CDH_MenuViewController.swift */ = {isa = PBXFileReference; fileEncoding = 4; lastKnownFileType = sourcecode.swift; path = CDH_MenuViewController.swift; sourceTree = "<group>"; };
		83F2F4871D5F391A007C0E6F /* Demo-UIPopoverController.app */ = {isa = PBXFileReference; explicitFileType = wrapper.application; includeInIndex = 0; path = "Demo-UIPopoverController.app"; sourceTree = BUILT_PRODUCTS_DIR; };
		83F2F48A1D5F391A007C0E6F /* AppDelegate.swift */ = {isa = PBXFileReference; lastKnownFileType = sourcecode.swift; path = AppDelegate.swift; sourceTree = "<group>"; };
		83F2F48C1D5F391A007C0E6F /* ViewController.swift */ = {isa = PBXFileReference; lastKnownFileType = sourcecode.swift; path = ViewController.swift; sourceTree = "<group>"; };
		83F2F48F1D5F391A007C0E6F /* Base */ = {isa = PBXFileReference; lastKnownFileType = file.storyboard; name = Base; path = Base.lproj/Main.storyboard; sourceTree = "<group>"; };
		83F2F4911D5F391A007C0E6F /* Assets.xcassets */ = {isa = PBXFileReference; lastKnownFileType = folder.assetcatalog; path = Assets.xcassets; sourceTree = "<group>"; };
		83F2F4941D5F391A007C0E6F /* Base */ = {isa = PBXFileReference; lastKnownFileType = file.storyboard; name = Base; path = Base.lproj/LaunchScreen.storyboard; sourceTree = "<group>"; };
		83F2F4961D5F391A007C0E6F /* Info.plist */ = {isa = PBXFileReference; lastKnownFileType = text.plist.xml; path = Info.plist; sourceTree = "<group>"; };
/* End PBXFileReference section */

/* Begin PBXFrameworksBuildPhase section */
		83F2F4841D5F391A007C0E6F /* Frameworks */ = {
			isa = PBXFrameworksBuildPhase;
			buildActionMask = 2147483647;
			files = (
			);
			runOnlyForDeploymentPostprocessing = 0;
		};
/* End PBXFrameworksBuildPhase section */

/* Begin PBXGroup section */
		83F2F47E1D5F391A007C0E6F = {
			isa = PBXGroup;
			children = (
				83F2F4891D5F391A007C0E6F /* Demo-UIPopoverController */,
				83F2F4881D5F391A007C0E6F /* Products */,
			);
			sourceTree = "<group>";
		};
		83F2F4881D5F391A007C0E6F /* Products */ = {
			isa = PBXGroup;
			children = (
				83F2F4871D5F391A007C0E6F /* Demo-UIPopoverController.app */,
			);
			name = Products;
			sourceTree = "<group>";
		};
		83F2F4891D5F391A007C0E6F /* Demo-UIPopoverController */ = {
			isa = PBXGroup;
			children = (
				83F2F49C1D5F3A27007C0E6F /* Classes */,
				83F2F48A1D5F391A007C0E6F /* AppDelegate.swift */,
				83F2F48C1D5F391A007C0E6F /* ViewController.swift */,
				83F2F48E1D5F391A007C0E6F /* Main.storyboard */,
				83F2F4911D5F391A007C0E6F /* Assets.xcassets */,
				83F2F4931D5F391A007C0E6F /* LaunchScreen.storyboard */,
				83F2F4961D5F391A007C0E6F /* Info.plist */,
			);
			path = "Demo-UIPopoverController";
			sourceTree = "<group>";
		};
		83F2F49C1D5F3A27007C0E6F /* Classes */ = {
			isa = PBXGroup;
			children = (
				83F2F4A01D5F3DF5007C0E6F /* After_iOS8(iOS8之后) */,
				83F2F4A11D5F3DF5007C0E6F /* Controllers(控制器) */,
				83F2F49D1D5F3A27007C0E6F /* Menu(菜单) */,
				83F2F49E1D5F3A27007C0E6F /* PickColor(选择颜色) */,
			);
			path = Classes;
			sourceTree = "<group>";
		};
		83F2F49D1D5F3A27007C0E6F /* Menu(菜单) */ = {
			isa = PBXGroup;
			children = (
				83E4DA371D5F40BE00E42295 /* CDH_MenuViewController.swift */,
			);
			name = "Menu(菜单)";
			path = Menu;
			sourceTree = "<group>";
		};
		83F2F49E1D5F3A27007C0E6F /* PickColor(选择颜色) */ = {
			isa = PBXGroup;
			children = (
				83F2F49F1D5F3A27007C0E6F /* Category */,
			);
			name = "PickColor(选择颜色)";
			path = PickColor;
			sourceTree = "<group>";
		};
		83F2F49F1D5F3A27007C0E6F /* Category */ = {
			isa = PBXGroup;
			children = (
			);
			path = Category;
			sourceTree = "<group>";
		};
		83F2F4A01D5F3DF5007C0E6F /* After_iOS8(iOS8之后) */ = {
			isa = PBXGroup;
			children = (
			);
			name = "After_iOS8(iOS8之后)";
			path = After_iOS8;
			sourceTree = "<group>";
		};
		83F2F4A11D5F3DF5007C0E6F /* Controllers(控制器) */ = {
			isa = PBXGroup;
			children = (
			);
			name = "Controllers(控制器)";
			path = Controllers;
			sourceTree = "<group>";
		};
/* End PBXGroup section */

/* Begin PBXNativeTarget section */
		83F2F4861D5F391A007C0E6F /* Demo-UIPopoverController */ = {
			isa = PBXNativeTarget;
			buildConfigurationList = 83F2F4991D5F391A007C0E6F /* Build configuration list for PBXNativeTarget "Demo-UIPopoverController" */;
			buildPhases = (
				83F2F4831D5F391A007C0E6F /* Sources */,
				83F2F4841D5F391A007C0E6F /* Frameworks */,
				83F2F4851D5F391A007C0E6F /* Resources */,
			);
			buildRules = (
			);
			dependencies = (
			);
			name = "Demo-UIPopoverController";
			productName = "Demo-UIPopoverController";
			productReference = 83F2F4871D5F391A007C0E6F /* Demo-UIPopoverController.app */;
			productType = "com.apple.product-type.application";
		};
/* End PBXNativeTarget section */

/* Begin PBXProject section */
		83F2F47F1D5F391A007C0E6F /* Project object */ = {
			isa = PBXProject;
			attributes = {
				CLASSPREFIX = CDH_;
				LastSwiftUpdateCheck = 0730;
				LastUpgradeCheck = 0730;
				ORGANIZATIONNAME = CDHao;
				TargetAttributes = {
					83F2F4861D5F391A007C0E6F = {
						CreatedOnToolsVersion = 7.3.1;
					};
				};
			};
			buildConfigurationList = 83F2F4821D5F391A007C0E6F /* Build configuration list for PBXProject "Demo-UIPopoverController" */;
			compatibilityVersion = "Xcode 3.2";
			developmentRegion = English;
			hasScannedForEncodings = 0;
			knownRegions = (
				en,
				Base,
			);
			mainGroup = 83F2F47E1D5F391A007C0E6F;
			productRefGroup = 83F2F4881D5F391A007C0E6F /* Products */;
			projectDirPath = "";
			projectRoot = "";
			targets = (
				83F2F4861D5F391A007C0E6F /* Demo-UIPopoverController */,
			);
		};
/* End PBXProject section */

/* Begin PBXResourcesBuildPhase section */
		83F2F4851D5F391A007C0E6F /* Resources */ = {
			isa = PBXResourcesBuildPhase;
			buildActionMask = 2147483647;
			files = (
				83F2F4951D5F391A007C0E6F /* LaunchScreen.storyboard in Resources */,
				83F2F4921D5F391A007C0E6F /* Assets.xcassets in Resources */,
				83F2F4901D5F391A007C0E6F /* Main.storyboard in Resources */,
			);
			runOnlyForDeploymentPostprocessing = 0;
		};
/* End PBXResourcesBuildPhase section */

/* Begin PBXSourcesBuildPhase section */
		83F2F4831D5F391A007C0E6F /* Sources */ = {
			isa = PBXSourcesBuildPhase;
			buildActionMask = 2147483647;
			files = (
				83F2F48D1D5F391A007C0E6F /* ViewController.swift in Sources */,
				83E4DA381D5F40BE00E42295 /* CDH_MenuViewController.swift in Sources */,
				83F2F48B1D5F391A007C0E6F /* AppDelegate.swift in Sources */,
			);
			runOnlyForDeploymentPostprocessing = 0;
		};
/* End PBXSourcesBuildPhase section */

/* Begin PBXVariantGroup section */
		83F2F48E1D5F391A007C0E6F /* Main.storyboard */ = {
			isa = PBXVariantGroup;
			children = (
				83F2F48F1D5F391A007C0E6F /* Base */,
			);
			name = Main.storyboard;
			sourceTree = "<group>";
		};
		83F2F4931D5F391A007C0E6F /* LaunchScreen.storyboard */ = {
			isa = PBXVariantGroup;
			children = (
				83F2F4941D5F391A007C0E6F /* Base */,
			);
			name = LaunchScreen.storyboard;
			sourceTree = "<group>";
		};
/* End PBXVariantGroup section */

/* Begin XCBuildConfiguration section */
		83F2F4971D5F391A007C0E6F /* Debug */ = {
			isa = XCBuildConfiguration;
			buildSettings = {
				ALWAYS_SEARCH_USER_PATHS = NO;
				CLANG_ANALYZER_NONNULL = YES;
				CLANG_CXX_LANGUAGE_STANDARD = "gnu++0x";
				CLANG_CXX_LIBRARY = "libc++";
				CLANG_ENABLE_MODULES = YES;
				CLANG_ENABLE_OBJC_ARC = YES;
				CLANG_WARN_BOOL_CONVERSION = YES;
				CLANG_WARN_CONSTANT_CONVERSION = YES;
				CLANG_WARN_DIRECT_OBJC_ISA_USAGE = YES_ERROR;
				CLANG_WARN_EMPTY_BODY = YES;
				CLANG_WARN_ENUM_CONVERSION = YES;
				CLANG_WARN_INT_CONVERSION = YES;
				CLANG_WARN_OBJC_ROOT_CLASS = YES_ERROR;
				CLANG_WARN_UNREACHABLE_CODE = YES;
				CLANG_WARN__DUPLICATE_METHOD_MATCH = YES;
				"CODE_SIGN_IDENTITY[sdk=iphoneos*]" = "iPhone Developer";
				COPY_PHASE_STRIP = NO;
				DEBUG_INFORMATION_FORMAT = dwarf;
				ENABLE_STRICT_OBJC_MSGSEND = YES;
				ENABLE_TESTABILITY = YES;
				GCC_C_LANGUAGE_STANDARD = gnu99;
				GCC_DYNAMIC_NO_PIC = NO;
				GCC_NO_COMMON_BLOCKS = YES;
				GCC_OPTIMIZATION_LEVEL = 0;
				GCC_PREPROCESSOR_DEFINITIONS = (
					"DEBUG=1",
					"$(inherited)",
				);
				GCC_WARN_64_TO_32_BIT_CONVERSION = YES;
				GCC_WARN_ABOUT_RETURN_TYPE = YES_ERROR;
				GCC_WARN_UNDECLARED_SELECTOR = YES;
				GCC_WARN_UNINITIALIZED_AUTOS = YES_AGGRESSIVE;
				GCC_WARN_UNUSED_FUNCTION = YES;
				GCC_WARN_UNUSED_VARIABLE = YES;
				IPHONEOS_DEPLOYMENT_TARGET = 9.3;
				MTL_ENABLE_DEBUG_INFO = YES;
				ONLY_ACTIVE_ARCH = YES;
				SDKROOT = iphoneos;
				SWIFT_OPTIMIZATION_LEVEL = "-Onone";
				TARGETED_DEVICE_FAMILY = 2;
			};
			name = Debug;
		};
		83F2F4981D5F391A007C0E6F /* Release */ = {
			isa = XCBuildConfiguration;
			buildSettings = {
				ALWAYS_SEARCH_USER_PATHS = NO;
				CLANG_ANALYZER_NONNULL = YES;
				CLANG_CXX_LANGUAGE_STANDARD = "gnu++0x";
				CLANG_CXX_LIBRARY = "libc++";
				CLANG_ENABLE_MODULES = YES;
				CLANG_ENABLE_OBJC_ARC = YES;
				CLANG_WARN_BOOL_CONVERSION = YES;
				CLANG_WARN_CONSTANT_CONVERSION = YES;
				CLANG_WARN_DIRECT_OBJC_ISA_USAGE = YES_ERROR;
				CLANG_WARN_EMPTY_BODY = YES;
				CLANG_WARN_ENUM_CONVERSION = YES;
				CLANG_WARN_INT_CONVERSION = YES;
				CLANG_WARN_OBJC_ROOT_CLASS = YES_ERROR;
				CLANG_WARN_UNREACHABLE_CODE = YES;
				CLANG_WARN__DUPLICATE_METHOD_MATCH = YES;
				"CODE_SIGN_IDENTITY[sdk=iphoneos*]" = "iPhone Developer";
				COPY_PHASE_STRIP = NO;
				DEBUG_INFORMATION_FORMAT = "dwarf-with-dsym";
				ENABLE_NS_ASSERTIONS = NO;
				ENABLE_STRICT_OBJC_MSGSEND = YES;
				GCC_C_LANGUAGE_STANDARD = gnu99;
				GCC_NO_COMMON_BLOCKS = YES;
				GCC_WARN_64_TO_32_BIT_CONVERSION = YES;
				GCC_WARN_ABOUT_RETURN_TYPE = YES_ERROR;
				GCC_WARN_UNDECLARED_SELECTOR = YES;
				GCC_WARN_UNINITIALIZED_AUTOS = YES_AGGRESSIVE;
				GCC_WARN_UNUSED_FUNCTION = YES;
				GCC_WARN_UNUSED_VARIABLE = YES;
				IPHONEOS_DEPLOYMENT_TARGET = 9.3;
				MTL_ENABLE_DEBUG_INFO = NO;
				SDKROOT = iphoneos;
				TARGETED_DEVICE_FAMILY = 2;
				VALIDATE_PRODUCT = YES;
			};
			name = Release;
		};
		83F2F49A1D5F391A007C0E6F /* Debug */ = {
			isa = XCBuildConfiguration;
			buildSettings = {
				ASSETCATALOG_COMPILER_APPICON_NAME = AppIcon;
				INFOPLIST_FILE = "Demo-UIPopoverController/Info.plist";
				LD_RUNPATH_SEARCH_PATHS = "$(inherited) @executable_path/Frameworks";
				PRODUCT_BUNDLE_IDENTIFIER = "com.chendehao.Demo-UIPopoverController";
				PRODUCT_NAME = "$(TARGET_NAME)";
			};
			name = Debug;
		};
		83F2F49B1D5F391A007C0E6F /* Release */ = {
			isa = XCBuildConfiguration;
			buildSettings = {
				ASSETCATALOG_COMPILER_APPICON_NAME = AppIcon;
				INFOPLIST_FILE = "Demo-UIPopoverController/Info.plist";
				LD_RUNPATH_SEARCH_PATHS = "$(inherited) @executable_path/Frameworks";
				PRODUCT_BUNDLE_IDENTIFIER = "com.chendehao.Demo-UIPopoverController";
				PRODUCT_NAME = "$(TARGET_NAME)";
			};
			name = Release;
		};
/* End XCBuildConfiguration section */

/* Begin XCConfigurationList section */
		83F2F4821D5F391A007C0E6F /* Build configuration list for PBXProject "Demo-UIPopoverController" */ = {
			isa = XCConfigurationList;
			buildConfigurations = (
				83F2F4971D5F391A007C0E6F /* Debug */,
				83F2F4981D5F391A007C0E6F /* Release */,
			);
			defaultConfigurationIsVisible = 0;
			defaultConfigurationName = Release;
		};
		83F2F4991D5F391A007C0E6F /* Build configuration list for PBXNativeTarget "Demo-UIPopoverController" */ = {
			isa = XCConfigurationList;
			buildConfigurations = (
				83F2F49A1D5F391A007C0E6F /* Debug */,
				83F2F49B1D5F391A007C0E6F /* Release */,
			);
			defaultConfigurationIsVisible = 0;
			defaultConfigurationName = Release;
		};
/* End XCConfigurationList section */
	};
	rootObject = 83F2F47F1D5F391A007C0E6F /* Project object */;
}
